
Microsoft Visual Studio Solution File, Format Version 12.00
# Visual Studio 15
Project("{FAE04EC0-301F-11D3-BF4B-00C04F79EFBC}") = "AmplifyShaderEditor", "AmplifyShaderEditor.csproj", "{BF59A974-10FC-D44F-3C26-13070FAFBA39}"
EndProject
Project("{FAE04EC0-301F-11D3-BF4B-00C04F79EFBC}") = "JuiceZombies.HotFix_UI", "JuiceZombies.HotFix_UI.csproj", "{186844A9-9EB9-1119-71F6-862EFE7CE52A}"
EndProject
Project("{FAE04EC0-301F-11D3-BF4B-00C04F79EFBC}") = "Assembly-CSharp-Editor", "Assembly-CSharp-Editor.csproj", "{966525EF-89D1-F5F8-B2FB-714E31E7D7FB}"
EndProject
Project("{FAE04EC0-301F-11D3-BF4B-00C04F79EFBC}") = "JuiceZombies.ConfigGen", "JuiceZombies.ConfigGen.csproj", "{8FC01114-A35E-9FE8-431F-9CA4EF88485E}"
EndProject
Project("{FAE04EC0-301F-11D3-BF4B-00C04F79EFBC}") = "GimmeDOTSGeometry.Samples", "GimmeDOTSGeometry.Samples.csproj", "{D4F6D8A8-2367-B056-C4E9-D6C5C5C82E95}"
EndProject
Project("{FAE04EC0-301F-11D3-BF4B-00C04F79EFBC}") = "MeshBakerExamples", "MeshBakerExamples.csproj", "{F726A94E-8609-39CA-7F10-28EEEE0AB5E6}"
EndProject
Project("{FAE04EC0-301F-11D3-BF4B-00C04F79EFBC}") = "JuiceZombies.Main", "JuiceZombies.Main.csproj", "{1B3F4ABC-62C3-A6FB-17F2-837059FFA09C}"
EndProject
Project("{FAE04EC0-301F-11D3-BF4B-00C04F79EFBC}") = "spine-unity", "spine-unity.csproj", "{910D4E9F-33BD-5AD9-6FAD-443E1CD6F836}"
EndProject
Project("{FAE04EC0-301F-11D3-BF4B-00C04F79EFBC}") = "Obfuz.Editor", "Obfuz.Editor.csproj", "{75A99E53-A19A-A3E4-66F8-E228185E4342}"
EndProject
Project("{FAE04EC0-301F-11D3-BF4B-00C04F79EFBC}") = "Obfuz.Runtime", "Obfuz.Runtime.csproj", "{2E3B2E8F-9BAE-9B8E-DFD7-63C6651DE971}"
EndProject
Project("{FAE04EC0-301F-11D3-BF4B-00C04F79EFBC}") = "Assembly-CSharp-firstpass", "Assembly-CSharp-firstpass.csproj", "{EA2092F4-959D-364E-D0F9-9EF3A3596AD1}"
EndProject
Project("{FAE04EC0-301F-11D3-BF4B-00C04F79EFBC}") = "UniTask", "UniTask.csproj", "{2865E491-C144-32F1-C35A-7198469E8664}"
EndProject
Project("{FAE04EC0-301F-11D3-BF4B-00C04F79EFBC}") = "Assembly-CSharp", "Assembly-CSharp.csproj", "{02899009-66EC-B87C-FEC0-200EBCB1FC15}"
EndProject
Project("{FAE04EC0-301F-11D3-BF4B-00C04F79EFBC}") = "MeshBakerCore", "MeshBakerCore.csproj", "{5263C950-AB0F-7589-5B77-00183F362D70}"
EndProject
Project("{FAE04EC0-301F-11D3-BF4B-00C04F79EFBC}") = "Unity.Entities", "Unity.Entities.csproj", "{6C366709-5B82-4265-9B65-7D98098BE7F0}"
EndProject
Project("{FAE04EC0-301F-11D3-BF4B-00C04F79EFBC}") = "spine-unity-editor", "spine-unity-editor.csproj", "{AA0748DA-2E84-EFB9-4F60-9C34424D3F95}"
EndProject
Project("{FAE04EC0-301F-11D3-BF4B-00C04F79EFBC}") = "UniTask.Linq", "UniTask.Linq.csproj", "{B82A819D-7D49-328D-55D2-D94DAC77E731}"
EndProject
Project("{FAE04EC0-301F-11D3-BF4B-00C04F79EFBC}") = "GimmeDOTSGeometry", "GimmeDOTSGeometry.csproj", "{AF488B06-68E8-135A-59CE-1EB0DFAEBFD3}"
EndProject
Project("{FAE04EC0-301F-11D3-BF4B-00C04F79EFBC}") = "ProjectDawn.Navigation", "ProjectDawn.Navigation.csproj", "{6FEEB72D-78D8-248C-76D4-E3F9E1C5C738}"
EndProject
Project("{FAE04EC0-301F-11D3-BF4B-00C04F79EFBC}") = "Unity.RenderPipelines.Universal.Runtime", "Unity.RenderPipelines.Universal.Runtime.csproj", "{A11C8CCF-DAC7-11E4-AFB1-747047286027}"
EndProject
Project("{FAE04EC0-301F-11D3-BF4B-00C04F79EFBC}") = "ProjectDawn.Geometry", "ProjectDawn.Geometry.csproj", "{751E4990-7D5B-37E1-D55D-F7B5ACC21DD3}"
EndProject
Project("{FAE04EC0-301F-11D3-BF4B-00C04F79EFBC}") = "MeshBakerEditor", "MeshBakerEditor.csproj", "{3438AEB4-B1A4-3FDB-7EE7-BBC01E86244A}"
EndProject
Project("{FAE04EC0-301F-11D3-BF4B-00C04F79EFBC}") = "AllIn1SpriteShaderAssembly", "AllIn1SpriteShaderAssembly.csproj", "{8F16BFD0-CE60-F708-78FD-FC7096D0E36E}"
EndProject
Project("{FAE04EC0-301F-11D3-BF4B-00C04F79EFBC}") = "ProjectDawn.Samples.Shapes", "ProjectDawn.Samples.Shapes.csproj", "{66CECBFD-EBE4-D544-0503-72DBC7CDC80D}"
EndProject
Project("{FAE04EC0-301F-11D3-BF4B-00C04F79EFBC}") = "LoopScrollRect.Runtime", "LoopScrollRect.Runtime.csproj", "{6A9F27F9-3D7B-8D45-804E-537B315A9B2E}"
EndProject
Project("{FAE04EC0-301F-11D3-BF4B-00C04F79EFBC}") = "GimmeDOTSGeometry.Samples.ECS", "GimmeDOTSGeometry.Samples.ECS.csproj", "{01CA7802-CB3F-F5CA-1B81-4FA0178AEE29}"
EndProject
Project("{FAE04EC0-301F-11D3-BF4B-00C04F79EFBC}") = "Unity.Collections", "Unity.Collections.csproj", "{D066DD11-DA41-547D-CE2F-9BC770C7DB7B}"
EndProject
Project("{FAE04EC0-301F-11D3-BF4B-00C04F79EFBC}") = "GimmeDOTSGeometry.Tests", "GimmeDOTSGeometry.Tests.csproj", "{B9043BBC-77FC-2423-A34C-9D0DD6C3C490}"
EndProject
Project("{FAE04EC0-301F-11D3-BF4B-00C04F79EFBC}") = "GPUECSAnimationBakerEngine", "GPUECSAnimationBakerEngine.csproj", "{D4AC78C4-92D5-C88D-EB54-7273C955F91E}"
EndProject
Project("{FAE04EC0-301F-11D3-BF4B-00C04F79EFBC}") = "ProjectDawn.Navigation.Hybrid", "ProjectDawn.Navigation.Hybrid.csproj", "{EEFC3FB6-2CFB-5CED-5841-5FB83775EFC8}"
EndProject
Project("{FAE04EC0-301F-11D3-BF4B-00C04F79EFBC}") = "ProjectDawn.Collections", "ProjectDawn.Collections.csproj", "{E14845D3-CD8A-B954-8892-05503641CA8E}"
EndProject
Project("{FAE04EC0-301F-11D3-BF4B-00C04F79EFBC}") = "ProjectDawn.DotsPlus.Tests", "ProjectDawn.DotsPlus.Tests.csproj", "{774B7DB7-765E-8D90-785D-88177BD61A28}"
EndProject
Project("{FAE04EC0-301F-11D3-BF4B-00C04F79EFBC}") = "FMODUnityEditor", "FMODUnityEditor.csproj", "{3D715843-CDAC-840C-20EA-C3FF731F8517}"
EndProject
Project("{FAE04EC0-301F-11D3-BF4B-00C04F79EFBC}") = "FMODUnity", "FMODUnity.csproj", "{285EF01C-490A-CED7-55D8-694D66A31E99}"
EndProject
Project("{FAE04EC0-301F-11D3-BF4B-00C04F79EFBC}") = "Assembly-CSharp-Editor-firstpass", "Assembly-CSharp-Editor-firstpass.csproj", "{8A23D970-2CA2-C3DF-A109-E8A4500362F2}"
EndProject
Project("{FAE04EC0-301F-11D3-BF4B-00C04F79EFBC}") = "Unity.Physics.Stateful", "Unity.Physics.Stateful.csproj", "{3978E8B2-FB4B-FB4B-511B-89E81AE19403}"
EndProject
Project("{FAE04EC0-301F-11D3-BF4B-00C04F79EFBC}") = "ProjectDawn.ReciprocalAvoidance", "ProjectDawn.ReciprocalAvoidance.csproj", "{F27591DD-D402-9119-1B98-EB88A56EF387}"
EndProject
Project("{FAE04EC0-301F-11D3-BF4B-00C04F79EFBC}") = "UnityWebSocket.Runtime", "UnityWebSocket.Runtime.csproj", "{EA3D7745-F474-D892-DADB-8BB58E68E413}"
EndProject
Project("{FAE04EC0-301F-11D3-BF4B-00C04F79EFBC}") = "Unity.Physics.Custom", "Unity.Physics.Custom.csproj", "{7CDDC497-569C-DDEF-DB04-FDBF7F3D5329}"
EndProject
Project("{FAE04EC0-301F-11D3-BF4B-00C04F79EFBC}") = "ProjectDawn.LocalAvoidance", "ProjectDawn.LocalAvoidance.csproj", "{5A72BA54-FB51-2A8B-37B6-C8A7E6784DE3}"
EndProject
Project("{FAE04EC0-301F-11D3-BF4B-00C04F79EFBC}") = "com.logviewer.runtime", "com.logviewer.runtime.csproj", "{F6DF0FBD-9E8B-6916-6732-5A58FEFBAB64}"
EndProject
Project("{FAE04EC0-301F-11D3-BF4B-00C04F79EFBC}") = "ProjectDawn.Navigation.Editor", "ProjectDawn.Navigation.Editor.csproj", "{2BB9208B-A9B5-7C1B-FAFE-24A002CEEF2D}"
EndProject
Project("{FAE04EC0-301F-11D3-BF4B-00C04F79EFBC}") = "GimmeDOTSGeometry.Tools.DotsPlotter", "GimmeDOTSGeometry.Tools.DotsPlotter.csproj", "{872F6C05-D7F3-51CB-91A6-CBBF26B2818F}"
EndProject
Project("{FAE04EC0-301F-11D3-BF4B-00C04F79EFBC}") = "DOTween.Modules", "DOTween.Modules.csproj", "{52B0202F-0797-B63B-1E60-492DB364C69B}"
EndProject
Project("{FAE04EC0-301F-11D3-BF4B-00C04F79EFBC}") = "Unity.Physics.Custom.Editor", "Unity.Physics.Custom.Editor.csproj", "{0CE665CC-456F-1981-2529-2334B27B0D00}"
EndProject
Project("{FAE04EC0-301F-11D3-BF4B-00C04F79EFBC}") = "Coffee.UIParticle.Demo", "Coffee.UIParticle.Demo.csproj", "{B6B50B5E-B30C-C548-1651-634421FCE38F}"
EndProject
Project("{FAE04EC0-301F-11D3-BF4B-00C04F79EFBC}") = "GimmeDOTSGeometry.Editor", "GimmeDOTSGeometry.Editor.csproj", "{A8E13B6B-48EF-D158-DF80-59479E27E9E9}"
EndProject
Project("{FAE04EC0-301F-11D3-BF4B-00C04F79EFBC}") = "ProjectDawn.SpacePartitioning.Samples", "ProjectDawn.SpacePartitioning.Samples.csproj", "{A4E96CC3-3424-D4E0-0875-65FE4DCA6AB7}"
EndProject
Project("{FAE04EC0-301F-11D3-BF4B-00C04F79EFBC}") = "GimmeDOTSGeometry.Tests.Runtime", "GimmeDOTSGeometry.Tests.Runtime.csproj", "{7FC6C1E2-B47A-1FDB-6FAA-9C9AD8081DC7}"
EndProject
Project("{FAE04EC0-301F-11D3-BF4B-00C04F79EFBC}") = "BetterStreamingAssets", "BetterStreamingAssets.csproj", "{8FA3BDE7-7D5F-DF42-6C2C-D1567B615D52}"
EndProject
Project("{FAE04EC0-301F-11D3-BF4B-00C04F79EFBC}") = "com.logviewer.editor", "com.logviewer.editor.csproj", "{8F633D5F-5B0C-37D4-C5B4-C330C0F808DB}"
EndProject
Project("{FAE04EC0-301F-11D3-BF4B-00C04F79EFBC}") = "Rewired_Windows_Functions", "Rewired_Windows_Functions.csproj", "{E64017FA-DB2F-E2BC-A0DC-4CE35F1EF915}"
EndProject
Project("{FAE04EC0-301F-11D3-BF4B-00C04F79EFBC}") = "DOTweenPro.EditorScripts", "DOTweenPro.EditorScripts.csproj", "{391EA6CE-5727-ACD6-858C-59E35C918FD3}"
EndProject
Project("{FAE04EC0-301F-11D3-BF4B-00C04F79EFBC}") = "ProjectDawn.Mathematics", "ProjectDawn.Mathematics.csproj", "{43429009-3038-790F-3146-5A79A040A946}"
EndProject
Project("{FAE04EC0-301F-11D3-BF4B-00C04F79EFBC}") = "FMODUnityResonance", "FMODUnityResonance.csproj", "{86A086A9-B684-2BFE-45D7-07A11FFA84E9}"
EndProject
Project("{FAE04EC0-301F-11D3-BF4B-00C04F79EFBC}") = "DOTweenPro.Scripts", "DOTweenPro.Scripts.csproj", "{1E8536C8-3922-302B-1B56-6363EE8ABF07}"
EndProject
Project("{FAE04EC0-301F-11D3-BF4B-00C04F79EFBC}") = "ProjectDawn.Mathematics.Samples", "ProjectDawn.Mathematics.Samples.csproj", "{E42BAF24-AFAE-B91F-4F7E-B10A7E2A3BFD}"
EndProject
Project("{FAE04EC0-301F-11D3-BF4B-00C04F79EFBC}") = "PolymorphicStructs", "PolymorphicStructs.csproj", "{B41301F8-7E88-CA61-F9E3-A8E4DF2605B3}"
EndProject
Project("{FAE04EC0-301F-11D3-BF4B-00C04F79EFBC}") = "UniTask.Editor", "UniTask.Editor.csproj", "{ED552F41-BF2B-6C72-C591-633C73495A30}"
EndProject
Project("{FAE04EC0-301F-11D3-BF4B-00C04F79EFBC}") = "Sirenix.OdinInspector.Modules.UnityMathematics", "Sirenix.OdinInspector.Modules.UnityMathematics.csproj", "{E1CDBDB8-8985-91AC-163E-76A4F35C2D68}"
EndProject
Project("{FAE04EC0-301F-11D3-BF4B-00C04F79EFBC}") = "UnityWebSocket.Editor", "UnityWebSocket.Editor.csproj", "{D7B7B84A-D9CC-EDE7-1530-991AA5F09BC3}"
EndProject
Project("{FAE04EC0-301F-11D3-BF4B-00C04F79EFBC}") = "ProjectDawn.Navigation.Astar.Editor", "ProjectDawn.Navigation.Astar.Editor.csproj", "{81C240A6-F81D-BCDF-01EE-D0344B1AA3E2}"
EndProject
Project("{FAE04EC0-301F-11D3-BF4B-00C04F79EFBC}") = "ProjectDawn.Navigation.Hybrid.Editor", "ProjectDawn.Navigation.Hybrid.Editor.csproj", "{8B8FAA52-6828-4427-854D-59A2DCE59E9C}"
EndProject
Project("{FAE04EC0-301F-11D3-BF4B-00C04F79EFBC}") = "ProjectDawn.Navigation.Astar", "ProjectDawn.Navigation.Astar.csproj", "{C5565F4D-7F8A-C7B7-6540-58224327F5E3}"
EndProject
Project("{FAE04EC0-301F-11D3-BF4B-00C04F79EFBC}") = "FMODUnityResonanceEditor", "FMODUnityResonanceEditor.csproj", "{D83DC31D-DA17-CA2B-F1BF-8C13AE762B2D}"
EndProject
Project("{FAE04EC0-301F-11D3-BF4B-00C04F79EFBC}") = "GimmeDOTSGeometry.Samples.PointInPolygon.Editor", "GimmeDOTSGeometry.Samples.PointInPolygon.Editor.csproj", "{1046988A-7105-3911-5432-96DEA76340DF}"
EndProject
Project("{FAE04EC0-301F-11D3-BF4B-00C04F79EFBC}") = "UniTask.TextMeshPro", "UniTask.TextMeshPro.csproj", "{5E28F1F6-99FB-C2C1-C3F6-0D7A8E5A9C62}"
EndProject
Project("{FAE04EC0-301F-11D3-BF4B-00C04F79EFBC}") = "UniTask.YooAsset", "UniTask.YooAsset.csproj", "{2F889D0E-C024-DD1F-A1B8-158A6B43EE9E}"
EndProject
Project("{FAE04EC0-301F-11D3-BF4B-00C04F79EFBC}") = "GimmeDOTSGeometry.Samples.ComputationalGeometry.Editor", "GimmeDOTSGeometry.Samples.ComputationalGeometry.Editor.csproj", "{9F8E1689-CCC8-8299-BDAC-A944F6F1298F}"
EndProject
Project("{FAE04EC0-301F-11D3-BF4B-00C04F79EFBC}") = "UniTask.Addressables", "UniTask.Addressables.csproj", "{034A5B57-F7AE-0C7A-0243-7D7692D07DF6}"
EndProject
Project("{FAE04EC0-301F-11D3-BF4B-00C04F79EFBC}") = "JuiceZombies.HotFix_Logic", "JuiceZombies.HotFix_Logic.csproj", "{E26C4A40-3C16-4892-D7E6-67BDBDA53D98}"
EndProject
Project("{FAE04EC0-301F-11D3-BF4B-00C04F79EFBC}") = "UniTask.DOTween", "UniTask.DOTween.csproj", "{90785C47-F4D4-A9DB-1A31-FF2F1156D1A7}"
EndProject
Global
	GlobalSection(SolutionConfigurationPlatforms) = preSolution
		Debug|Any CPU = Debug|Any CPU
		Release|Any CPU = Release|Any CPU
	EndGlobalSection
	GlobalSection(ProjectConfigurationPlatforms) = postSolution
		{BF59A974-10FC-D44F-3C26-13070FAFBA39}.Debug|Any CPU.ActiveCfg = Debug|Any CPU
		{BF59A974-10FC-D44F-3C26-13070FAFBA39}.Debug|Any CPU.Build.0 = Debug|Any CPU
		{BF59A974-10FC-D44F-3C26-13070FAFBA39}.Release|Any CPU.ActiveCfg = Release|Any CPU
		{BF59A974-10FC-D44F-3C26-13070FAFBA39}.Release|Any CPU.Build.0 = Release|Any CPU
		{186844A9-9EB9-1119-71F6-862EFE7CE52A}.Debug|Any CPU.ActiveCfg = Debug|Any CPU
		{186844A9-9EB9-1119-71F6-862EFE7CE52A}.Debug|Any CPU.Build.0 = Debug|Any CPU
		{186844A9-9EB9-1119-71F6-862EFE7CE52A}.Release|Any CPU.ActiveCfg = Release|Any CPU
		{186844A9-9EB9-1119-71F6-862EFE7CE52A}.Release|Any CPU.Build.0 = Release|Any CPU
		{966525EF-89D1-F5F8-B2FB-714E31E7D7FB}.Debug|Any CPU.ActiveCfg = Debug|Any CPU
		{966525EF-89D1-F5F8-B2FB-714E31E7D7FB}.Debug|Any CPU.Build.0 = Debug|Any CPU
		{966525EF-89D1-F5F8-B2FB-714E31E7D7FB}.Release|Any CPU.ActiveCfg = Release|Any CPU
		{966525EF-89D1-F5F8-B2FB-714E31E7D7FB}.Release|Any CPU.Build.0 = Release|Any CPU
		{8FC01114-A35E-9FE8-431F-9CA4EF88485E}.Debug|Any CPU.ActiveCfg = Debug|Any CPU
		{8FC01114-A35E-9FE8-431F-9CA4EF88485E}.Debug|Any CPU.Build.0 = Debug|Any CPU
		{8FC01114-A35E-9FE8-431F-9CA4EF88485E}.Release|Any CPU.ActiveCfg = Release|Any CPU
		{8FC01114-A35E-9FE8-431F-9CA4EF88485E}.Release|Any CPU.Build.0 = Release|Any CPU
		{D4F6D8A8-2367-B056-C4E9-D6C5C5C82E95}.Debug|Any CPU.ActiveCfg = Debug|Any CPU
		{D4F6D8A8-2367-B056-C4E9-D6C5C5C82E95}.Debug|Any CPU.Build.0 = Debug|Any CPU
		{D4F6D8A8-2367-B056-C4E9-D6C5C5C82E95}.Release|Any CPU.ActiveCfg = Release|Any CPU
		{D4F6D8A8-2367-B056-C4E9-D6C5C5C82E95}.Release|Any CPU.Build.0 = Release|Any CPU
		{F726A94E-8609-39CA-7F10-28EEEE0AB5E6}.Debug|Any CPU.ActiveCfg = Debug|Any CPU
		{F726A94E-8609-39CA-7F10-28EEEE0AB5E6}.Debug|Any CPU.Build.0 = Debug|Any CPU
		{F726A94E-8609-39CA-7F10-28EEEE0AB5E6}.Release|Any CPU.ActiveCfg = Release|Any CPU
		{F726A94E-8609-39CA-7F10-28EEEE0AB5E6}.Release|Any CPU.Build.0 = Release|Any CPU
		{1B3F4ABC-62C3-A6FB-17F2-837059FFA09C}.Debug|Any CPU.ActiveCfg = Debug|Any CPU
		{1B3F4ABC-62C3-A6FB-17F2-837059FFA09C}.Debug|Any CPU.Build.0 = Debug|Any CPU
		{1B3F4ABC-62C3-A6FB-17F2-837059FFA09C}.Release|Any CPU.ActiveCfg = Release|Any CPU
		{1B3F4ABC-62C3-A6FB-17F2-837059FFA09C}.Release|Any CPU.Build.0 = Release|Any CPU
		{910D4E9F-33BD-5AD9-6FAD-443E1CD6F836}.Debug|Any CPU.ActiveCfg = Debug|Any CPU
		{910D4E9F-33BD-5AD9-6FAD-443E1CD6F836}.Debug|Any CPU.Build.0 = Debug|Any CPU
		{910D4E9F-33BD-5AD9-6FAD-443E1CD6F836}.Release|Any CPU.ActiveCfg = Release|Any CPU
		{910D4E9F-33BD-5AD9-6FAD-443E1CD6F836}.Release|Any CPU.Build.0 = Release|Any CPU
		{75A99E53-A19A-A3E4-66F8-E228185E4342}.Debug|Any CPU.ActiveCfg = Debug|Any CPU
		{75A99E53-A19A-A3E4-66F8-E228185E4342}.Debug|Any CPU.Build.0 = Debug|Any CPU
		{75A99E53-A19A-A3E4-66F8-E228185E4342}.Release|Any CPU.ActiveCfg = Release|Any CPU
		{75A99E53-A19A-A3E4-66F8-E228185E4342}.Release|Any CPU.Build.0 = Release|Any CPU
		{2E3B2E8F-9BAE-9B8E-DFD7-63C6651DE971}.Debug|Any CPU.ActiveCfg = Debug|Any CPU
		{2E3B2E8F-9BAE-9B8E-DFD7-63C6651DE971}.Debug|Any CPU.Build.0 = Debug|Any CPU
		{2E3B2E8F-9BAE-9B8E-DFD7-63C6651DE971}.Release|Any CPU.ActiveCfg = Release|Any CPU
		{2E3B2E8F-9BAE-9B8E-DFD7-63C6651DE971}.Release|Any CPU.Build.0 = Release|Any CPU
		{EA2092F4-959D-364E-D0F9-9EF3A3596AD1}.Debug|Any CPU.ActiveCfg = Debug|Any CPU
		{EA2092F4-959D-364E-D0F9-9EF3A3596AD1}.Debug|Any CPU.Build.0 = Debug|Any CPU
		{EA2092F4-959D-364E-D0F9-9EF3A3596AD1}.Release|Any CPU.ActiveCfg = Release|Any CPU
		{EA2092F4-959D-364E-D0F9-9EF3A3596AD1}.Release|Any CPU.Build.0 = Release|Any CPU
		{2865E491-C144-32F1-C35A-7198469E8664}.Debug|Any CPU.ActiveCfg = Debug|Any CPU
		{2865E491-C144-32F1-C35A-7198469E8664}.Debug|Any CPU.Build.0 = Debug|Any CPU
		{2865E491-C144-32F1-C35A-7198469E8664}.Release|Any CPU.ActiveCfg = Release|Any CPU
		{2865E491-C144-32F1-C35A-7198469E8664}.Release|Any CPU.Build.0 = Release|Any CPU
		{02899009-66EC-B87C-FEC0-200EBCB1FC15}.Debug|Any CPU.ActiveCfg = Debug|Any CPU
		{02899009-66EC-B87C-FEC0-200EBCB1FC15}.Debug|Any CPU.Build.0 = Debug|Any CPU
		{02899009-66EC-B87C-FEC0-200EBCB1FC15}.Release|Any CPU.ActiveCfg = Release|Any CPU
		{02899009-66EC-B87C-FEC0-200EBCB1FC15}.Release|Any CPU.Build.0 = Release|Any CPU
		{5263C950-AB0F-7589-5B77-00183F362D70}.Debug|Any CPU.ActiveCfg = Debug|Any CPU
		{5263C950-AB0F-7589-5B77-00183F362D70}.Debug|Any CPU.Build.0 = Debug|Any CPU
		{5263C950-AB0F-7589-5B77-00183F362D70}.Release|Any CPU.ActiveCfg = Release|Any CPU
		{5263C950-AB0F-7589-5B77-00183F362D70}.Release|Any CPU.Build.0 = Release|Any CPU
		{6C366709-5B82-4265-9B65-7D98098BE7F0}.Debug|Any CPU.ActiveCfg = Debug|Any CPU
		{6C366709-5B82-4265-9B65-7D98098BE7F0}.Debug|Any CPU.Build.0 = Debug|Any CPU
		{6C366709-5B82-4265-9B65-7D98098BE7F0}.Release|Any CPU.ActiveCfg = Release|Any CPU
		{6C366709-5B82-4265-9B65-7D98098BE7F0}.Release|Any CPU.Build.0 = Release|Any CPU
		{AA0748DA-2E84-EFB9-4F60-9C34424D3F95}.Debug|Any CPU.ActiveCfg = Debug|Any CPU
		{AA0748DA-2E84-EFB9-4F60-9C34424D3F95}.Debug|Any CPU.Build.0 = Debug|Any CPU
		{AA0748DA-2E84-EFB9-4F60-9C34424D3F95}.Release|Any CPU.ActiveCfg = Release|Any CPU
		{AA0748DA-2E84-EFB9-4F60-9C34424D3F95}.Release|Any CPU.Build.0 = Release|Any CPU
		{B82A819D-7D49-328D-55D2-D94DAC77E731}.Debug|Any CPU.ActiveCfg = Debug|Any CPU
		{B82A819D-7D49-328D-55D2-D94DAC77E731}.Debug|Any CPU.Build.0 = Debug|Any CPU
		{B82A819D-7D49-328D-55D2-D94DAC77E731}.Release|Any CPU.ActiveCfg = Release|Any CPU
		{B82A819D-7D49-328D-55D2-D94DAC77E731}.Release|Any CPU.Build.0 = Release|Any CPU
		{AF488B06-68E8-135A-59CE-1EB0DFAEBFD3}.Debug|Any CPU.ActiveCfg = Debug|Any CPU
		{AF488B06-68E8-135A-59CE-1EB0DFAEBFD3}.Debug|Any CPU.Build.0 = Debug|Any CPU
		{AF488B06-68E8-135A-59CE-1EB0DFAEBFD3}.Release|Any CPU.ActiveCfg = Release|Any CPU
		{AF488B06-68E8-135A-59CE-1EB0DFAEBFD3}.Release|Any CPU.Build.0 = Release|Any CPU
		{6FEEB72D-78D8-248C-76D4-E3F9E1C5C738}.Debug|Any CPU.ActiveCfg = Debug|Any CPU
		{6FEEB72D-78D8-248C-76D4-E3F9E1C5C738}.Debug|Any CPU.Build.0 = Debug|Any CPU
		{6FEEB72D-78D8-248C-76D4-E3F9E1C5C738}.Release|Any CPU.ActiveCfg = Release|Any CPU
		{6FEEB72D-78D8-248C-76D4-E3F9E1C5C738}.Release|Any CPU.Build.0 = Release|Any CPU
		{A11C8CCF-DAC7-11E4-AFB1-747047286027}.Debug|Any CPU.ActiveCfg = Debug|Any CPU
		{A11C8CCF-DAC7-11E4-AFB1-747047286027}.Debug|Any CPU.Build.0 = Debug|Any CPU
		{A11C8CCF-DAC7-11E4-AFB1-747047286027}.Release|Any CPU.ActiveCfg = Release|Any CPU
		{A11C8CCF-DAC7-11E4-AFB1-747047286027}.Release|Any CPU.Build.0 = Release|Any CPU
		{751E4990-7D5B-37E1-D55D-F7B5ACC21DD3}.Debug|Any CPU.ActiveCfg = Debug|Any CPU
		{751E4990-7D5B-37E1-D55D-F7B5ACC21DD3}.Debug|Any CPU.Build.0 = Debug|Any CPU
		{751E4990-7D5B-37E1-D55D-F7B5ACC21DD3}.Release|Any CPU.ActiveCfg = Release|Any CPU
		{751E4990-7D5B-37E1-D55D-F7B5ACC21DD3}.Release|Any CPU.Build.0 = Release|Any CPU
		{3438AEB4-B1A4-3FDB-7EE7-BBC01E86244A}.Debug|Any CPU.ActiveCfg = Debug|Any CPU
		{3438AEB4-B1A4-3FDB-7EE7-BBC01E86244A}.Debug|Any CPU.Build.0 = Debug|Any CPU
		{3438AEB4-B1A4-3FDB-7EE7-BBC01E86244A}.Release|Any CPU.ActiveCfg = Release|Any CPU
		{3438AEB4-B1A4-3FDB-7EE7-BBC01E86244A}.Release|Any CPU.Build.0 = Release|Any CPU
		{8F16BFD0-CE60-F708-78FD-FC7096D0E36E}.Debug|Any CPU.ActiveCfg = Debug|Any CPU
		{8F16BFD0-CE60-F708-78FD-FC7096D0E36E}.Debug|Any CPU.Build.0 = Debug|Any CPU
		{8F16BFD0-CE60-F708-78FD-FC7096D0E36E}.Release|Any CPU.ActiveCfg = Release|Any CPU
		{8F16BFD0-CE60-F708-78FD-FC7096D0E36E}.Release|Any CPU.Build.0 = Release|Any CPU
		{66CECBFD-EBE4-D544-0503-72DBC7CDC80D}.Debug|Any CPU.ActiveCfg = Debug|Any CPU
		{66CECBFD-EBE4-D544-0503-72DBC7CDC80D}.Debug|Any CPU.Build.0 = Debug|Any CPU
		{66CECBFD-EBE4-D544-0503-72DBC7CDC80D}.Release|Any CPU.ActiveCfg = Release|Any CPU
		{66CECBFD-EBE4-D544-0503-72DBC7CDC80D}.Release|Any CPU.Build.0 = Release|Any CPU
		{6A9F27F9-3D7B-8D45-804E-537B315A9B2E}.Debug|Any CPU.ActiveCfg = Debug|Any CPU
		{6A9F27F9-3D7B-8D45-804E-537B315A9B2E}.Debug|Any CPU.Build.0 = Debug|Any CPU
		{6A9F27F9-3D7B-8D45-804E-537B315A9B2E}.Release|Any CPU.ActiveCfg = Release|Any CPU
		{6A9F27F9-3D7B-8D45-804E-537B315A9B2E}.Release|Any CPU.Build.0 = Release|Any CPU
		{01CA7802-CB3F-F5CA-1B81-4FA0178AEE29}.Debug|Any CPU.ActiveCfg = Debug|Any CPU
		{01CA7802-CB3F-F5CA-1B81-4FA0178AEE29}.Debug|Any CPU.Build.0 = Debug|Any CPU
		{01CA7802-CB3F-F5CA-1B81-4FA0178AEE29}.Release|Any CPU.ActiveCfg = Release|Any CPU
		{01CA7802-CB3F-F5CA-1B81-4FA0178AEE29}.Release|Any CPU.Build.0 = Release|Any CPU
		{D066DD11-DA41-547D-CE2F-9BC770C7DB7B}.Debug|Any CPU.ActiveCfg = Debug|Any CPU
		{D066DD11-DA41-547D-CE2F-9BC770C7DB7B}.Debug|Any CPU.Build.0 = Debug|Any CPU
		{D066DD11-DA41-547D-CE2F-9BC770C7DB7B}.Release|Any CPU.ActiveCfg = Release|Any CPU
		{D066DD11-DA41-547D-CE2F-9BC770C7DB7B}.Release|Any CPU.Build.0 = Release|Any CPU
		{B9043BBC-77FC-2423-A34C-9D0DD6C3C490}.Debug|Any CPU.ActiveCfg = Debug|Any CPU
		{B9043BBC-77FC-2423-A34C-9D0DD6C3C490}.Debug|Any CPU.Build.0 = Debug|Any CPU
		{B9043BBC-77FC-2423-A34C-9D0DD6C3C490}.Release|Any CPU.ActiveCfg = Release|Any CPU
		{B9043BBC-77FC-2423-A34C-9D0DD6C3C490}.Release|Any CPU.Build.0 = Release|Any CPU
		{D4AC78C4-92D5-C88D-EB54-7273C955F91E}.Debug|Any CPU.ActiveCfg = Debug|Any CPU
		{D4AC78C4-92D5-C88D-EB54-7273C955F91E}.Debug|Any CPU.Build.0 = Debug|Any CPU
		{D4AC78C4-92D5-C88D-EB54-7273C955F91E}.Release|Any CPU.ActiveCfg = Release|Any CPU
		{D4AC78C4-92D5-C88D-EB54-7273C955F91E}.Release|Any CPU.Build.0 = Release|Any CPU
		{EEFC3FB6-2CFB-5CED-5841-5FB83775EFC8}.Debug|Any CPU.ActiveCfg = Debug|Any CPU
		{EEFC3FB6-2CFB-5CED-5841-5FB83775EFC8}.Debug|Any CPU.Build.0 = Debug|Any CPU
		{EEFC3FB6-2CFB-5CED-5841-5FB83775EFC8}.Release|Any CPU.ActiveCfg = Release|Any CPU
		{EEFC3FB6-2CFB-5CED-5841-5FB83775EFC8}.Release|Any CPU.Build.0 = Release|Any CPU
		{E14845D3-CD8A-B954-8892-05503641CA8E}.Debug|Any CPU.ActiveCfg = Debug|Any CPU
		{E14845D3-CD8A-B954-8892-05503641CA8E}.Debug|Any CPU.Build.0 = Debug|Any CPU
		{E14845D3-CD8A-B954-8892-05503641CA8E}.Release|Any CPU.ActiveCfg = Release|Any CPU
		{E14845D3-CD8A-B954-8892-05503641CA8E}.Release|Any CPU.Build.0 = Release|Any CPU
		{774B7DB7-765E-8D90-785D-88177BD61A28}.Debug|Any CPU.ActiveCfg = Debug|Any CPU
		{774B7DB7-765E-8D90-785D-88177BD61A28}.Debug|Any CPU.Build.0 = Debug|Any CPU
		{774B7DB7-765E-8D90-785D-88177BD61A28}.Release|Any CPU.ActiveCfg = Release|Any CPU
		{774B7DB7-765E-8D90-785D-88177BD61A28}.Release|Any CPU.Build.0 = Release|Any CPU
		{3D715843-CDAC-840C-20EA-C3FF731F8517}.Debug|Any CPU.ActiveCfg = Debug|Any CPU
		{3D715843-CDAC-840C-20EA-C3FF731F8517}.Debug|Any CPU.Build.0 = Debug|Any CPU
		{3D715843-CDAC-840C-20EA-C3FF731F8517}.Release|Any CPU.ActiveCfg = Release|Any CPU
		{3D715843-CDAC-840C-20EA-C3FF731F8517}.Release|Any CPU.Build.0 = Release|Any CPU
		{285EF01C-490A-CED7-55D8-694D66A31E99}.Debug|Any CPU.ActiveCfg = Debug|Any CPU
		{285EF01C-490A-CED7-55D8-694D66A31E99}.Debug|Any CPU.Build.0 = Debug|Any CPU
		{285EF01C-490A-CED7-55D8-694D66A31E99}.Release|Any CPU.ActiveCfg = Release|Any CPU
		{285EF01C-490A-CED7-55D8-694D66A31E99}.Release|Any CPU.Build.0 = Release|Any CPU
		{8A23D970-2CA2-C3DF-A109-E8A4500362F2}.Debug|Any CPU.ActiveCfg = Debug|Any CPU
		{8A23D970-2CA2-C3DF-A109-E8A4500362F2}.Debug|Any CPU.Build.0 = Debug|Any CPU
		{8A23D970-2CA2-C3DF-A109-E8A4500362F2}.Release|Any CPU.ActiveCfg = Release|Any CPU
		{8A23D970-2CA2-C3DF-A109-E8A4500362F2}.Release|Any CPU.Build.0 = Release|Any CPU
		{3978E8B2-FB4B-FB4B-511B-89E81AE19403}.Debug|Any CPU.ActiveCfg = Debug|Any CPU
		{3978E8B2-FB4B-FB4B-511B-89E81AE19403}.Debug|Any CPU.Build.0 = Debug|Any CPU
		{3978E8B2-FB4B-FB4B-511B-89E81AE19403}.Release|Any CPU.ActiveCfg = Release|Any CPU
		{3978E8B2-FB4B-FB4B-511B-89E81AE19403}.Release|Any CPU.Build.0 = Release|Any CPU
		{F27591DD-D402-9119-1B98-EB88A56EF387}.Debug|Any CPU.ActiveCfg = Debug|Any CPU
		{F27591DD-D402-9119-1B98-EB88A56EF387}.Debug|Any CPU.Build.0 = Debug|Any CPU
		{F27591DD-D402-9119-1B98-EB88A56EF387}.Release|Any CPU.ActiveCfg = Release|Any CPU
		{F27591DD-D402-9119-1B98-EB88A56EF387}.Release|Any CPU.Build.0 = Release|Any CPU
		{EA3D7745-F474-D892-DADB-8BB58E68E413}.Debug|Any CPU.ActiveCfg = Debug|Any CPU
		{EA3D7745-F474-D892-DADB-8BB58E68E413}.Debug|Any CPU.Build.0 = Debug|Any CPU
		{EA3D7745-F474-D892-DADB-8BB58E68E413}.Release|Any CPU.ActiveCfg = Release|Any CPU
		{EA3D7745-F474-D892-DADB-8BB58E68E413}.Release|Any CPU.Build.0 = Release|Any CPU
		{7CDDC497-569C-DDEF-DB04-FDBF7F3D5329}.Debug|Any CPU.ActiveCfg = Debug|Any CPU
		{7CDDC497-569C-DDEF-DB04-FDBF7F3D5329}.Debug|Any CPU.Build.0 = Debug|Any CPU
		{7CDDC497-569C-DDEF-DB04-FDBF7F3D5329}.Release|Any CPU.ActiveCfg = Release|Any CPU
		{7CDDC497-569C-DDEF-DB04-FDBF7F3D5329}.Release|Any CPU.Build.0 = Release|Any CPU
		{5A72BA54-FB51-2A8B-37B6-C8A7E6784DE3}.Debug|Any CPU.ActiveCfg = Debug|Any CPU
		{5A72BA54-FB51-2A8B-37B6-C8A7E6784DE3}.Debug|Any CPU.Build.0 = Debug|Any CPU
		{5A72BA54-FB51-2A8B-37B6-C8A7E6784DE3}.Release|Any CPU.ActiveCfg = Release|Any CPU
		{5A72BA54-FB51-2A8B-37B6-C8A7E6784DE3}.Release|Any CPU.Build.0 = Release|Any CPU
		{F6DF0FBD-9E8B-6916-6732-5A58FEFBAB64}.Debug|Any CPU.ActiveCfg = Debug|Any CPU
		{F6DF0FBD-9E8B-6916-6732-5A58FEFBAB64}.Debug|Any CPU.Build.0 = Debug|Any CPU
		{F6DF0FBD-9E8B-6916-6732-5A58FEFBAB64}.Release|Any CPU.ActiveCfg = Release|Any CPU
		{F6DF0FBD-9E8B-6916-6732-5A58FEFBAB64}.Release|Any CPU.Build.0 = Release|Any CPU
		{2BB9208B-A9B5-7C1B-FAFE-24A002CEEF2D}.Debug|Any CPU.ActiveCfg = Debug|Any CPU
		{2BB9208B-A9B5-7C1B-FAFE-24A002CEEF2D}.Debug|Any CPU.Build.0 = Debug|Any CPU
		{2BB9208B-A9B5-7C1B-FAFE-24A002CEEF2D}.Release|Any CPU.ActiveCfg = Release|Any CPU
		{2BB9208B-A9B5-7C1B-FAFE-24A002CEEF2D}.Release|Any CPU.Build.0 = Release|Any CPU
		{872F6C05-D7F3-51CB-91A6-CBBF26B2818F}.Debug|Any CPU.ActiveCfg = Debug|Any CPU
		{872F6C05-D7F3-51CB-91A6-CBBF26B2818F}.Debug|Any CPU.Build.0 = Debug|Any CPU
		{872F6C05-D7F3-51CB-91A6-CBBF26B2818F}.Release|Any CPU.ActiveCfg = Release|Any CPU
		{872F6C05-D7F3-51CB-91A6-CBBF26B2818F}.Release|Any CPU.Build.0 = Release|Any CPU
		{52B0202F-0797-B63B-1E60-492DB364C69B}.Debug|Any CPU.ActiveCfg = Debug|Any CPU
		{52B0202F-0797-B63B-1E60-492DB364C69B}.Debug|Any CPU.Build.0 = Debug|Any CPU
		{52B0202F-0797-B63B-1E60-492DB364C69B}.Release|Any CPU.ActiveCfg = Release|Any CPU
		{52B0202F-0797-B63B-1E60-492DB364C69B}.Release|Any CPU.Build.0 = Release|Any CPU
		{0CE665CC-456F-1981-2529-2334B27B0D00}.Debug|Any CPU.ActiveCfg = Debug|Any CPU
		{0CE665CC-456F-1981-2529-2334B27B0D00}.Debug|Any CPU.Build.0 = Debug|Any CPU
		{0CE665CC-456F-1981-2529-2334B27B0D00}.Release|Any CPU.ActiveCfg = Release|Any CPU
		{0CE665CC-456F-1981-2529-2334B27B0D00}.Release|Any CPU.Build.0 = Release|Any CPU
		{B6B50B5E-B30C-C548-1651-634421FCE38F}.Debug|Any CPU.ActiveCfg = Debug|Any CPU
		{B6B50B5E-B30C-C548-1651-634421FCE38F}.Debug|Any CPU.Build.0 = Debug|Any CPU
		{B6B50B5E-B30C-C548-1651-634421FCE38F}.Release|Any CPU.ActiveCfg = Release|Any CPU
		{B6B50B5E-B30C-C548-1651-634421FCE38F}.Release|Any CPU.Build.0 = Release|Any CPU
		{A8E13B6B-48EF-D158-DF80-59479E27E9E9}.Debug|Any CPU.ActiveCfg = Debug|Any CPU
		{A8E13B6B-48EF-D158-DF80-59479E27E9E9}.Debug|Any CPU.Build.0 = Debug|Any CPU
		{A8E13B6B-48EF-D158-DF80-59479E27E9E9}.Release|Any CPU.ActiveCfg = Release|Any CPU
		{A8E13B6B-48EF-D158-DF80-59479E27E9E9}.Release|Any CPU.Build.0 = Release|Any CPU
		{A4E96CC3-3424-D4E0-0875-65FE4DCA6AB7}.Debug|Any CPU.ActiveCfg = Debug|Any CPU
		{A4E96CC3-3424-D4E0-0875-65FE4DCA6AB7}.Debug|Any CPU.Build.0 = Debug|Any CPU
		{A4E96CC3-3424-D4E0-0875-65FE4DCA6AB7}.Release|Any CPU.ActiveCfg = Release|Any CPU
		{A4E96CC3-3424-D4E0-0875-65FE4DCA6AB7}.Release|Any CPU.Build.0 = Release|Any CPU
		{7FC6C1E2-B47A-1FDB-6FAA-9C9AD8081DC7}.Debug|Any CPU.ActiveCfg = Debug|Any CPU
		{7FC6C1E2-B47A-1FDB-6FAA-9C9AD8081DC7}.Debug|Any CPU.Build.0 = Debug|Any CPU
		{7FC6C1E2-B47A-1FDB-6FAA-9C9AD8081DC7}.Release|Any CPU.ActiveCfg = Release|Any CPU
		{7FC6C1E2-B47A-1FDB-6FAA-9C9AD8081DC7}.Release|Any CPU.Build.0 = Release|Any CPU
		{8FA3BDE7-7D5F-DF42-6C2C-D1567B615D52}.Debug|Any CPU.ActiveCfg = Debug|Any CPU
		{8FA3BDE7-7D5F-DF42-6C2C-D1567B615D52}.Debug|Any CPU.Build.0 = Debug|Any CPU
		{8FA3BDE7-7D5F-DF42-6C2C-D1567B615D52}.Release|Any CPU.ActiveCfg = Release|Any CPU
		{8FA3BDE7-7D5F-DF42-6C2C-D1567B615D52}.Release|Any CPU.Build.0 = Release|Any CPU
		{8F633D5F-5B0C-37D4-C5B4-C330C0F808DB}.Debug|Any CPU.ActiveCfg = Debug|Any CPU
		{8F633D5F-5B0C-37D4-C5B4-C330C0F808DB}.Debug|Any CPU.Build.0 = Debug|Any CPU
		{8F633D5F-5B0C-37D4-C5B4-C330C0F808DB}.Release|Any CPU.ActiveCfg = Release|Any CPU
		{8F633D5F-5B0C-37D4-C5B4-C330C0F808DB}.Release|Any CPU.Build.0 = Release|Any CPU
		{E64017FA-DB2F-E2BC-A0DC-4CE35F1EF915}.Debug|Any CPU.ActiveCfg = Debug|Any CPU
		{E64017FA-DB2F-E2BC-A0DC-4CE35F1EF915}.Debug|Any CPU.Build.0 = Debug|Any CPU
		{E64017FA-DB2F-E2BC-A0DC-4CE35F1EF915}.Release|Any CPU.ActiveCfg = Release|Any CPU
		{E64017FA-DB2F-E2BC-A0DC-4CE35F1EF915}.Release|Any CPU.Build.0 = Release|Any CPU
		{391EA6CE-5727-ACD6-858C-59E35C918FD3}.Debug|Any CPU.ActiveCfg = Debug|Any CPU
		{391EA6CE-5727-ACD6-858C-59E35C918FD3}.Debug|Any CPU.Build.0 = Debug|Any CPU
		{391EA6CE-5727-ACD6-858C-59E35C918FD3}.Release|Any CPU.ActiveCfg = Release|Any CPU
		{391EA6CE-5727-ACD6-858C-59E35C918FD3}.Release|Any CPU.Build.0 = Release|Any CPU
		{43429009-3038-790F-3146-5A79A040A946}.Debug|Any CPU.ActiveCfg = Debug|Any CPU
		{43429009-3038-790F-3146-5A79A040A946}.Debug|Any CPU.Build.0 = Debug|Any CPU
		{43429009-3038-790F-3146-5A79A040A946}.Release|Any CPU.ActiveCfg = Release|Any CPU
		{43429009-3038-790F-3146-5A79A040A946}.Release|Any CPU.Build.0 = Release|Any CPU
		{86A086A9-B684-2BFE-45D7-07A11FFA84E9}.Debug|Any CPU.ActiveCfg = Debug|Any CPU
		{86A086A9-B684-2BFE-45D7-07A11FFA84E9}.Debug|Any CPU.Build.0 = Debug|Any CPU
		{86A086A9-B684-2BFE-45D7-07A11FFA84E9}.Release|Any CPU.ActiveCfg = Release|Any CPU
		{86A086A9-B684-2BFE-45D7-07A11FFA84E9}.Release|Any CPU.Build.0 = Release|Any CPU
		{1E8536C8-3922-302B-1B56-6363EE8ABF07}.Debug|Any CPU.ActiveCfg = Debug|Any CPU
		{1E8536C8-3922-302B-1B56-6363EE8ABF07}.Debug|Any CPU.Build.0 = Debug|Any CPU
		{1E8536C8-3922-302B-1B56-6363EE8ABF07}.Release|Any CPU.ActiveCfg = Release|Any CPU
		{1E8536C8-3922-302B-1B56-6363EE8ABF07}.Release|Any CPU.Build.0 = Release|Any CPU
		{E42BAF24-AFAE-B91F-4F7E-B10A7E2A3BFD}.Debug|Any CPU.ActiveCfg = Debug|Any CPU
		{E42BAF24-AFAE-B91F-4F7E-B10A7E2A3BFD}.Debug|Any CPU.Build.0 = Debug|Any CPU
		{E42BAF24-AFAE-B91F-4F7E-B10A7E2A3BFD}.Release|Any CPU.ActiveCfg = Release|Any CPU
		{E42BAF24-AFAE-B91F-4F7E-B10A7E2A3BFD}.Release|Any CPU.Build.0 = Release|Any CPU
		{B41301F8-7E88-CA61-F9E3-A8E4DF2605B3}.Debug|Any CPU.ActiveCfg = Debug|Any CPU
		{B41301F8-7E88-CA61-F9E3-A8E4DF2605B3}.Debug|Any CPU.Build.0 = Debug|Any CPU
		{B41301F8-7E88-CA61-F9E3-A8E4DF2605B3}.Release|Any CPU.ActiveCfg = Release|Any CPU
		{B41301F8-7E88-CA61-F9E3-A8E4DF2605B3}.Release|Any CPU.Build.0 = Release|Any CPU
		{ED552F41-BF2B-6C72-C591-633C73495A30}.Debug|Any CPU.ActiveCfg = Debug|Any CPU
		{ED552F41-BF2B-6C72-C591-633C73495A30}.Debug|Any CPU.Build.0 = Debug|Any CPU
		{ED552F41-BF2B-6C72-C591-633C73495A30}.Release|Any CPU.ActiveCfg = Release|Any CPU
		{ED552F41-BF2B-6C72-C591-633C73495A30}.Release|Any CPU.Build.0 = Release|Any CPU
		{E1CDBDB8-8985-91AC-163E-76A4F35C2D68}.Debug|Any CPU.ActiveCfg = Debug|Any CPU
		{E1CDBDB8-8985-91AC-163E-76A4F35C2D68}.Debug|Any CPU.Build.0 = Debug|Any CPU
		{E1CDBDB8-8985-91AC-163E-76A4F35C2D68}.Release|Any CPU.ActiveCfg = Release|Any CPU
		{E1CDBDB8-8985-91AC-163E-76A4F35C2D68}.Release|Any CPU.Build.0 = Release|Any CPU
		{D7B7B84A-D9CC-EDE7-1530-991AA5F09BC3}.Debug|Any CPU.ActiveCfg = Debug|Any CPU
		{D7B7B84A-D9CC-EDE7-1530-991AA5F09BC3}.Debug|Any CPU.Build.0 = Debug|Any CPU
		{D7B7B84A-D9CC-EDE7-1530-991AA5F09BC3}.Release|Any CPU.ActiveCfg = Release|Any CPU
		{D7B7B84A-D9CC-EDE7-1530-991AA5F09BC3}.Release|Any CPU.Build.0 = Release|Any CPU
		{81C240A6-F81D-BCDF-01EE-D0344B1AA3E2}.Debug|Any CPU.ActiveCfg = Debug|Any CPU
		{81C240A6-F81D-BCDF-01EE-D0344B1AA3E2}.Debug|Any CPU.Build.0 = Debug|Any CPU
		{81C240A6-F81D-BCDF-01EE-D0344B1AA3E2}.Release|Any CPU.ActiveCfg = Release|Any CPU
		{81C240A6-F81D-BCDF-01EE-D0344B1AA3E2}.Release|Any CPU.Build.0 = Release|Any CPU
		{8B8FAA52-6828-4427-854D-59A2DCE59E9C}.Debug|Any CPU.ActiveCfg = Debug|Any CPU
		{8B8FAA52-6828-4427-854D-59A2DCE59E9C}.Debug|Any CPU.Build.0 = Debug|Any CPU
		{8B8FAA52-6828-4427-854D-59A2DCE59E9C}.Release|Any CPU.ActiveCfg = Release|Any CPU
		{8B8FAA52-6828-4427-854D-59A2DCE59E9C}.Release|Any CPU.Build.0 = Release|Any CPU
		{C5565F4D-7F8A-C7B7-6540-58224327F5E3}.Debug|Any CPU.ActiveCfg = Debug|Any CPU
		{C5565F4D-7F8A-C7B7-6540-58224327F5E3}.Debug|Any CPU.Build.0 = Debug|Any CPU
		{C5565F4D-7F8A-C7B7-6540-58224327F5E3}.Release|Any CPU.ActiveCfg = Release|Any CPU
		{C5565F4D-7F8A-C7B7-6540-58224327F5E3}.Release|Any CPU.Build.0 = Release|Any CPU
		{D83DC31D-DA17-CA2B-F1BF-8C13AE762B2D}.Debug|Any CPU.ActiveCfg = Debug|Any CPU
		{D83DC31D-DA17-CA2B-F1BF-8C13AE762B2D}.Debug|Any CPU.Build.0 = Debug|Any CPU
		{D83DC31D-DA17-CA2B-F1BF-8C13AE762B2D}.Release|Any CPU.ActiveCfg = Release|Any CPU
		{D83DC31D-DA17-CA2B-F1BF-8C13AE762B2D}.Release|Any CPU.Build.0 = Release|Any CPU
		{1046988A-7105-3911-5432-96DEA76340DF}.Debug|Any CPU.ActiveCfg = Debug|Any CPU
		{1046988A-7105-3911-5432-96DEA76340DF}.Debug|Any CPU.Build.0 = Debug|Any CPU
		{1046988A-7105-3911-5432-96DEA76340DF}.Release|Any CPU.ActiveCfg = Release|Any CPU
		{1046988A-7105-3911-5432-96DEA76340DF}.Release|Any CPU.Build.0 = Release|Any CPU
		{5E28F1F6-99FB-C2C1-C3F6-0D7A8E5A9C62}.Debug|Any CPU.ActiveCfg = Debug|Any CPU
		{5E28F1F6-99FB-C2C1-C3F6-0D7A8E5A9C62}.Debug|Any CPU.Build.0 = Debug|Any CPU
		{5E28F1F6-99FB-C2C1-C3F6-0D7A8E5A9C62}.Release|Any CPU.ActiveCfg = Release|Any CPU
		{5E28F1F6-99FB-C2C1-C3F6-0D7A8E5A9C62}.Release|Any CPU.Build.0 = Release|Any CPU
		{2F889D0E-C024-DD1F-A1B8-158A6B43EE9E}.Debug|Any CPU.ActiveCfg = Debug|Any CPU
		{2F889D0E-C024-DD1F-A1B8-158A6B43EE9E}.Debug|Any CPU.Build.0 = Debug|Any CPU
		{2F889D0E-C024-DD1F-A1B8-158A6B43EE9E}.Release|Any CPU.ActiveCfg = Release|Any CPU
		{2F889D0E-C024-DD1F-A1B8-158A6B43EE9E}.Release|Any CPU.Build.0 = Release|Any CPU
		{9F8E1689-CCC8-8299-BDAC-A944F6F1298F}.Debug|Any CPU.ActiveCfg = Debug|Any CPU
		{9F8E1689-CCC8-8299-BDAC-A944F6F1298F}.Debug|Any CPU.Build.0 = Debug|Any CPU
		{9F8E1689-CCC8-8299-BDAC-A944F6F1298F}.Release|Any CPU.ActiveCfg = Release|Any CPU
		{9F8E1689-CCC8-8299-BDAC-A944F6F1298F}.Release|Any CPU.Build.0 = Release|Any CPU
		{034A5B57-F7AE-0C7A-0243-7D7692D07DF6}.Debug|Any CPU.ActiveCfg = Debug|Any CPU
		{034A5B57-F7AE-0C7A-0243-7D7692D07DF6}.Debug|Any CPU.Build.0 = Debug|Any CPU
		{034A5B57-F7AE-0C7A-0243-7D7692D07DF6}.Release|Any CPU.ActiveCfg = Release|Any CPU
		{034A5B57-F7AE-0C7A-0243-7D7692D07DF6}.Release|Any CPU.Build.0 = Release|Any CPU
		{E26C4A40-3C16-4892-D7E6-67BDBDA53D98}.Debug|Any CPU.ActiveCfg = Debug|Any CPU
		{E26C4A40-3C16-4892-D7E6-67BDBDA53D98}.Debug|Any CPU.Build.0 = Debug|Any CPU
		{E26C4A40-3C16-4892-D7E6-67BDBDA53D98}.Release|Any CPU.ActiveCfg = Release|Any CPU
		{E26C4A40-3C16-4892-D7E6-67BDBDA53D98}.Release|Any CPU.Build.0 = Release|Any CPU
		{90785C47-F4D4-A9DB-1A31-FF2F1156D1A7}.Debug|Any CPU.ActiveCfg = Debug|Any CPU
		{90785C47-F4D4-A9DB-1A31-FF2F1156D1A7}.Debug|Any CPU.Build.0 = Debug|Any CPU
		{90785C47-F4D4-A9DB-1A31-FF2F1156D1A7}.Release|Any CPU.ActiveCfg = Release|Any CPU
		{90785C47-F4D4-A9DB-1A31-FF2F1156D1A7}.Release|Any CPU.Build.0 = Release|Any CPU
	EndGlobalSection
	GlobalSection(SolutionProperties) = preSolution
		HideSolutionNode = FALSE
	EndGlobalSection
EndGlobal
