
Microsoft Visual Studio Solution File, Format Version 11.00
# Visual Studio 2010
Project("{FAE04EC0-301F-11D3-BF4B-00C04F79EFBC}") = "AmplifyShaderEditor", "AmplifyShaderEditor.csproj", "{74a959bf-fc10-4fd4-3c26-13070fafba39}"
EndProject
Project("{FAE04EC0-301F-11D3-BF4B-00C04F79EFBC}") = "JuiceZombies.HotFix_UI", "JuiceZombies.HotFix_UI.csproj", "{a9446818-b99e-1911-71f6-862efe7ce52a}"
EndProject
Project("{FAE04EC0-301F-11D3-BF4B-00C04F79EFBC}") = "Assembly-CSharp-Editor", "Assembly-CSharp-Editor.csproj", "{ef256596-d189-f8f5-b2fb-714e31e7d7fb}"
EndProject
Project("{FAE04EC0-301F-11D3-BF4B-00C04F79EFBC}") = "JuiceZombies.ConfigGen", "JuiceZombies.ConfigGen.csproj", "{1411c08f-5ea3-e89f-431f-9ca4ef88485e}"
EndProject
Project("{FAE04EC0-301F-11D3-BF4B-00C04F79EFBC}") = "GimmeDOTSGeometry.Samples", "GimmeDOTSGeometry.Samples.csproj", "{a8d8f6d4-6723-56b0-c4e9-d6c5c5c82e95}"
EndProject
Project("{FAE04EC0-301F-11D3-BF4B-00C04F79EFBC}") = "MeshBakerExamples", "MeshBakerExamples.csproj", "{4ea926f7-0986-ca39-7f10-28eeee0ab5e6}"
EndProject
Project("{FAE04EC0-301F-11D3-BF4B-00C04F79EFBC}") = "JuiceZombies.Main", "JuiceZombies.Main.csproj", "{bc4a3f1b-c362-fba6-17f2-837059ffa09c}"
EndProject
Project("{FAE04EC0-301F-11D3-BF4B-00C04F79EFBC}") = "spine-unity", "spine-unity.csproj", "{9f4e0d91-bd33-d95a-6fad-443e1cd6f836}"
EndProject
Project("{FAE04EC0-301F-11D3-BF4B-00C04F79EFBC}") = "Obfuz.Editor", "Obfuz.Editor.csproj", "{539ea975-9aa1-e4a3-66f8-e228185e4342}"
EndProject
Project("{FAE04EC0-301F-11D3-BF4B-00C04F79EFBC}") = "Obfuz.Runtime", "Obfuz.Runtime.csproj", "{8f2e3b2e-ae9b-8e9b-dfd7-63c6651de971}"
EndProject
Project("{FAE04EC0-301F-11D3-BF4B-00C04F79EFBC}") = "Assembly-CSharp-firstpass", "Assembly-CSharp-firstpass.csproj", "{f49220ea-9d95-4e36-d0f9-9ef3a3596ad1}"
EndProject
Project("{FAE04EC0-301F-11D3-BF4B-00C04F79EFBC}") = "UniTask", "UniTask.csproj", "{91e46528-44c1-f132-c35a-7198469e8664}"
EndProject
Project("{FAE04EC0-301F-11D3-BF4B-00C04F79EFBC}") = "Assembly-CSharp", "Assembly-CSharp.csproj", "{09908902-ec66-7cb8-fec0-200ebcb1fc15}"
EndProject
Project("{FAE04EC0-301F-11D3-BF4B-00C04F79EFBC}") = "MeshBakerCore", "MeshBakerCore.csproj", "{50c96352-0fab-8975-5b77-00183f362d70}"
EndProject
Project("{FAE04EC0-301F-11D3-BF4B-00C04F79EFBC}") = "Unity.Entities", "Unity.Entities.csproj", "{0967366c-825b-6542-9b65-7d98098be7f0}"
EndProject
Project("{FAE04EC0-301F-11D3-BF4B-00C04F79EFBC}") = "spine-unity-editor", "spine-unity-editor.csproj", "{da4807aa-842e-b9ef-4f60-9c34424d3f95}"
EndProject
Project("{FAE04EC0-301F-11D3-BF4B-00C04F79EFBC}") = "UniTask.Linq", "UniTask.Linq.csproj", "{9d812ab8-497d-8d32-55d2-d94dac77e731}"
EndProject
Project("{FAE04EC0-301F-11D3-BF4B-00C04F79EFBC}") = "GimmeDOTSGeometry", "GimmeDOTSGeometry.csproj", "{068b48af-e868-5a13-59ce-1eb0dfaebfd3}"
EndProject
Project("{FAE04EC0-301F-11D3-BF4B-00C04F79EFBC}") = "ProjectDawn.Navigation", "ProjectDawn.Navigation.csproj", "{2db7ee6f-d878-8c24-76d4-e3f9e1c5c738}"
EndProject
Project("{FAE04EC0-301F-11D3-BF4B-00C04F79EFBC}") = "Unity.RenderPipelines.Universal.Runtime", "Unity.RenderPipelines.Universal.Runtime.csproj", "{cf8c1ca1-c7da-e411-afb1-747047286027}"
EndProject
Project("{FAE04EC0-301F-11D3-BF4B-00C04F79EFBC}") = "ProjectDawn.Geometry", "ProjectDawn.Geometry.csproj", "{90491e75-5b7d-e137-d55d-f7b5acc21dd3}"
EndProject
Project("{FAE04EC0-301F-11D3-BF4B-00C04F79EFBC}") = "MeshBakerEditor", "MeshBakerEditor.csproj", "{b4ae3834-a4b1-db3f-7ee7-bbc01e86244a}"
EndProject
Project("{FAE04EC0-301F-11D3-BF4B-00C04F79EFBC}") = "AllIn1SpriteShaderAssembly", "AllIn1SpriteShaderAssembly.csproj", "{d0bf168f-60ce-08f7-78fd-fc7096d0e36e}"
EndProject
Project("{FAE04EC0-301F-11D3-BF4B-00C04F79EFBC}") = "ProjectDawn.Samples.Shapes", "ProjectDawn.Samples.Shapes.csproj", "{fdcbce66-e4eb-44d5-0503-72dbc7cdc80d}"
EndProject
Project("{FAE04EC0-301F-11D3-BF4B-00C04F79EFBC}") = "LoopScrollRect.Runtime", "LoopScrollRect.Runtime.csproj", "{f9279f6a-7b3d-458d-804e-537b315a9b2e}"
EndProject
Project("{FAE04EC0-301F-11D3-BF4B-00C04F79EFBC}") = "GimmeDOTSGeometry.Samples.ECS", "GimmeDOTSGeometry.Samples.ECS.csproj", "{0278ca01-3fcb-caf5-1b81-4fa0178aee29}"
EndProject
Project("{FAE04EC0-301F-11D3-BF4B-00C04F79EFBC}") = "Unity.Collections", "Unity.Collections.csproj", "{11dd66d0-41da-7d54-ce2f-9bc770c7db7b}"
EndProject
Project("{FAE04EC0-301F-11D3-BF4B-00C04F79EFBC}") = "GimmeDOTSGeometry.Tests", "GimmeDOTSGeometry.Tests.csproj", "{bc3b04b9-fc77-2324-a34c-9d0dd6c3c490}"
EndProject
Project("{FAE04EC0-301F-11D3-BF4B-00C04F79EFBC}") = "GPUECSAnimationBakerEngine", "GPUECSAnimationBakerEngine.csproj", "{c478acd4-d592-8dc8-eb54-7273c955f91e}"
EndProject
Project("{FAE04EC0-301F-11D3-BF4B-00C04F79EFBC}") = "ProjectDawn.Navigation.Hybrid", "ProjectDawn.Navigation.Hybrid.csproj", "{b63ffcee-fb2c-ed5c-5841-5fb83775efc8}"
EndProject
Project("{FAE04EC0-301F-11D3-BF4B-00C04F79EFBC}") = "ProjectDawn.Collections", "ProjectDawn.Collections.csproj", "{d34548e1-8acd-54b9-8892-05503641ca8e}"
EndProject
Project("{FAE04EC0-301F-11D3-BF4B-00C04F79EFBC}") = "ProjectDawn.DotsPlus.Tests", "ProjectDawn.DotsPlus.Tests.csproj", "{b77d4b77-5e76-908d-785d-88177bd61a28}"
EndProject
Project("{FAE04EC0-301F-11D3-BF4B-00C04F79EFBC}") = "FMODUnityEditor", "FMODUnityEditor.csproj", "{4358713d-accd-0c84-20ea-c3ff731f8517}"
EndProject
Project("{FAE04EC0-301F-11D3-BF4B-00C04F79EFBC}") = "FMODUnity", "FMODUnity.csproj", "{1cf05e28-0a49-d7ce-55d8-694d66a31e99}"
EndProject
Project("{FAE04EC0-301F-11D3-BF4B-00C04F79EFBC}") = "Assembly-CSharp-Editor-firstpass", "Assembly-CSharp-Editor-firstpass.csproj", "{70d9238a-a22c-dfc3-a109-e8a4500362f2}"
EndProject
Project("{FAE04EC0-301F-11D3-BF4B-00C04F79EFBC}") = "Unity.Physics.Stateful", "Unity.Physics.Stateful.csproj", "{b2e87839-4bfb-4bfb-511b-89e81ae19403}"
EndProject
Project("{FAE04EC0-301F-11D3-BF4B-00C04F79EFBC}") = "ProjectDawn.ReciprocalAvoidance", "ProjectDawn.ReciprocalAvoidance.csproj", "{dd9175f2-02d4-1991-1b98-eb88a56ef387}"
EndProject
Project("{FAE04EC0-301F-11D3-BF4B-00C04F79EFBC}") = "UnityWebSocket.Runtime", "UnityWebSocket.Runtime.csproj", "{45773dea-74f4-92d8-dadb-8bb58e68e413}"
EndProject
Project("{FAE04EC0-301F-11D3-BF4B-00C04F79EFBC}") = "Unity.Physics.Custom", "Unity.Physics.Custom.csproj", "{97c4dd7c-9c56-efdd-db04-fdbf7f3d5329}"
EndProject
Project("{FAE04EC0-301F-11D3-BF4B-00C04F79EFBC}") = "ProjectDawn.LocalAvoidance", "ProjectDawn.LocalAvoidance.csproj", "{54ba725a-51fb-8b2a-37b6-c8a7e6784de3}"
EndProject
Project("{FAE04EC0-301F-11D3-BF4B-00C04F79EFBC}") = "com.logviewer.runtime", "com.logviewer.runtime.csproj", "{bd0fdff6-8b9e-1669-6732-5a58fefbab64}"
EndProject
Project("{FAE04EC0-301F-11D3-BF4B-00C04F79EFBC}") = "ProjectDawn.Navigation.Editor", "ProjectDawn.Navigation.Editor.csproj", "{8b20b92b-b5a9-1b7c-fafe-24a002ceef2d}"
EndProject
Project("{FAE04EC0-301F-11D3-BF4B-00C04F79EFBC}") = "GimmeDOTSGeometry.Tools.DotsPlotter", "GimmeDOTSGeometry.Tools.DotsPlotter.csproj", "{056c2f87-f3d7-cb51-91a6-cbbf26b2818f}"
EndProject
Project("{FAE04EC0-301F-11D3-BF4B-00C04F79EFBC}") = "DOTween.Modules", "DOTween.Modules.csproj", "{2f20b052-9707-3bb6-1e60-492db364c69b}"
EndProject
Project("{FAE04EC0-301F-11D3-BF4B-00C04F79EFBC}") = "Unity.Physics.Custom.Editor", "Unity.Physics.Custom.Editor.csproj", "{cc65e60c-6f45-8119-2529-2334b27b0d00}"
EndProject
Project("{FAE04EC0-301F-11D3-BF4B-00C04F79EFBC}") = "Coffee.UIParticle.Demo", "Coffee.UIParticle.Demo.csproj", "{5e0bb5b6-0cb3-48c5-1651-634421fce38f}"
EndProject
Project("{FAE04EC0-301F-11D3-BF4B-00C04F79EFBC}") = "GimmeDOTSGeometry.Editor", "GimmeDOTSGeometry.Editor.csproj", "{6b3be1a8-ef48-58d1-df80-59479e27e9e9}"
EndProject
Project("{FAE04EC0-301F-11D3-BF4B-00C04F79EFBC}") = "ProjectDawn.SpacePartitioning.Samples", "ProjectDawn.SpacePartitioning.Samples.csproj", "{c36ce9a4-2434-e0d4-0875-65fe4dca6ab7}"
EndProject
Project("{FAE04EC0-301F-11D3-BF4B-00C04F79EFBC}") = "GimmeDOTSGeometry.Tests.Runtime", "GimmeDOTSGeometry.Tests.Runtime.csproj", "{e2c1c67f-7ab4-db1f-6faa-9c9ad8081dc7}"
EndProject
Project("{FAE04EC0-301F-11D3-BF4B-00C04F79EFBC}") = "BetterStreamingAssets", "BetterStreamingAssets.csproj", "{e7bda38f-5f7d-42df-6c2c-d1567b615d52}"
EndProject
Project("{FAE04EC0-301F-11D3-BF4B-00C04F79EFBC}") = "com.logviewer.editor", "com.logviewer.editor.csproj", "{5f3d638f-0c5b-d437-c5b4-c330c0f808db}"
EndProject
Project("{FAE04EC0-301F-11D3-BF4B-00C04F79EFBC}") = "Rewired_Windows_Functions", "Rewired_Windows_Functions.csproj", "{fa1740e6-2fdb-bce2-a0dc-4ce35f1ef915}"
EndProject
Project("{FAE04EC0-301F-11D3-BF4B-00C04F79EFBC}") = "DOTweenPro.EditorScripts", "DOTweenPro.EditorScripts.csproj", "{cea61e39-2757-d6ac-858c-59e35c918fd3}"
EndProject
Project("{FAE04EC0-301F-11D3-BF4B-00C04F79EFBC}") = "ProjectDawn.Mathematics", "ProjectDawn.Mathematics.csproj", "{09904243-3830-0f79-3146-5a79a040a946}"
EndProject
Project("{FAE04EC0-301F-11D3-BF4B-00C04F79EFBC}") = "FMODUnityResonance", "FMODUnityResonance.csproj", "{a986a086-84b6-fe2b-45d7-07a11ffa84e9}"
EndProject
Project("{FAE04EC0-301F-11D3-BF4B-00C04F79EFBC}") = "DOTweenPro.Scripts", "DOTweenPro.Scripts.csproj", "{c836851e-2239-2b30-1b56-6363ee8abf07}"
EndProject
Project("{FAE04EC0-301F-11D3-BF4B-00C04F79EFBC}") = "ProjectDawn.Mathematics.Samples", "ProjectDawn.Mathematics.Samples.csproj", "{24af2be4-aeaf-1fb9-4f7e-b10a7e2a3bfd}"
EndProject
Project("{FAE04EC0-301F-11D3-BF4B-00C04F79EFBC}") = "PolymorphicStructs", "PolymorphicStructs.csproj", "{f80113b4-887e-61ca-f9e3-a8e4df2605b3}"
EndProject
Project("{FAE04EC0-301F-11D3-BF4B-00C04F79EFBC}") = "UniTask.Editor", "UniTask.Editor.csproj", "{412f55ed-2bbf-726c-c591-633c73495a30}"
EndProject
Project("{FAE04EC0-301F-11D3-BF4B-00C04F79EFBC}") = "Sirenix.OdinInspector.Modules.UnityMathematics", "Sirenix.OdinInspector.Modules.UnityMathematics.csproj", "{b8bdcde1-8589-ac91-163e-76a4f35c2d68}"
EndProject
Project("{FAE04EC0-301F-11D3-BF4B-00C04F79EFBC}") = "UnityWebSocket.Editor", "UnityWebSocket.Editor.csproj", "{4ab8b7d7-ccd9-e7ed-1530-991aa5f09bc3}"
EndProject
Project("{FAE04EC0-301F-11D3-BF4B-00C04F79EFBC}") = "ProjectDawn.Navigation.Astar.Editor", "ProjectDawn.Navigation.Astar.Editor.csproj", "{a640c281-1df8-dfbc-01ee-d0344b1aa3e2}"
EndProject
Project("{FAE04EC0-301F-11D3-BF4B-00C04F79EFBC}") = "ProjectDawn.Navigation.Hybrid.Editor", "ProjectDawn.Navigation.Hybrid.Editor.csproj", "{52aa8f8b-2868-2744-854d-59a2dce59e9c}"
EndProject
Project("{FAE04EC0-301F-11D3-BF4B-00C04F79EFBC}") = "ProjectDawn.Navigation.Astar", "ProjectDawn.Navigation.Astar.csproj", "{4d5f56c5-8a7f-b7c7-6540-58224327f5e3}"
EndProject
Project("{FAE04EC0-301F-11D3-BF4B-00C04F79EFBC}") = "FMODUnityResonanceEditor", "FMODUnityResonanceEditor.csproj", "{1dc33dd8-17da-2bca-f1bf-8c13ae762b2d}"
EndProject
Project("{FAE04EC0-301F-11D3-BF4B-00C04F79EFBC}") = "GimmeDOTSGeometry.Samples.PointInPolygon.Editor", "GimmeDOTSGeometry.Samples.PointInPolygon.Editor.csproj", "{8a984610-0571-1139-5432-96dea76340df}"
EndProject
Project("{FAE04EC0-301F-11D3-BF4B-00C04F79EFBC}") = "UniTask.TextMeshPro", "UniTask.TextMeshPro.csproj", "{f6f1285e-fb99-c1c2-c3f6-0d7a8e5a9c62}"
EndProject
Project("{FAE04EC0-301F-11D3-BF4B-00C04F79EFBC}") = "UniTask.YooAsset", "UniTask.YooAsset.csproj", "{0e9d882f-24c0-1fdd-a1b8-158a6b43ee9e}"
EndProject
Project("{FAE04EC0-301F-11D3-BF4B-00C04F79EFBC}") = "GimmeDOTSGeometry.Samples.ComputationalGeometry.Editor", "GimmeDOTSGeometry.Samples.ComputationalGeometry.Editor.csproj", "{89168e9f-c8cc-9982-bdac-a944f6f1298f}"
EndProject
Project("{FAE04EC0-301F-11D3-BF4B-00C04F79EFBC}") = "UniTask.Addressables", "UniTask.Addressables.csproj", "{575b4a03-aef7-7a0c-0243-7d7692d07df6}"
EndProject
Project("{FAE04EC0-301F-11D3-BF4B-00C04F79EFBC}") = "JuiceZombies.HotFix_Logic", "JuiceZombies.HotFix_Logic.csproj", "{404a6ce2-163c-9248-d7e6-67bdbda53d98}"
EndProject
Project("{FAE04EC0-301F-11D3-BF4B-00C04F79EFBC}") = "UniTask.DOTween", "UniTask.DOTween.csproj", "{475c7890-d4f4-dba9-1a31-ff2f1156d1a7}"
EndProject
Project("{FAE04EC0-301F-11D3-BF4B-00C04F79EFBC}") = "TP", "TP.csproj", "{ccf4c671-1dd7-bdd3-71a4-6637fea81279}"
EndProject
Global
	GlobalSection(SolutionConfigurationPlatforms) = preSolution
		Debug|Any CPU = Debug|Any CPU
	EndGlobalSection
	GlobalSection(ProjectConfigurationPlatforms) = postSolution
		{74a959bf-fc10-4fd4-3c26-13070fafba39}.Debug|Any CPU.ActiveCfg = Debug|Any CPU
		{74a959bf-fc10-4fd4-3c26-13070fafba39}.Debug|Any CPU.Build.0 = Debug|Any CPU
		{a9446818-b99e-1911-71f6-862efe7ce52a}.Debug|Any CPU.ActiveCfg = Debug|Any CPU
		{a9446818-b99e-1911-71f6-862efe7ce52a}.Debug|Any CPU.Build.0 = Debug|Any CPU
		{ef256596-d189-f8f5-b2fb-714e31e7d7fb}.Debug|Any CPU.ActiveCfg = Debug|Any CPU
		{ef256596-d189-f8f5-b2fb-714e31e7d7fb}.Debug|Any CPU.Build.0 = Debug|Any CPU
		{1411c08f-5ea3-e89f-431f-9ca4ef88485e}.Debug|Any CPU.ActiveCfg = Debug|Any CPU
		{1411c08f-5ea3-e89f-431f-9ca4ef88485e}.Debug|Any CPU.Build.0 = Debug|Any CPU
		{a8d8f6d4-6723-56b0-c4e9-d6c5c5c82e95}.Debug|Any CPU.ActiveCfg = Debug|Any CPU
		{a8d8f6d4-6723-56b0-c4e9-d6c5c5c82e95}.Debug|Any CPU.Build.0 = Debug|Any CPU
		{4ea926f7-0986-ca39-7f10-28eeee0ab5e6}.Debug|Any CPU.ActiveCfg = Debug|Any CPU
		{4ea926f7-0986-ca39-7f10-28eeee0ab5e6}.Debug|Any CPU.Build.0 = Debug|Any CPU
		{bc4a3f1b-c362-fba6-17f2-837059ffa09c}.Debug|Any CPU.ActiveCfg = Debug|Any CPU
		{bc4a3f1b-c362-fba6-17f2-837059ffa09c}.Debug|Any CPU.Build.0 = Debug|Any CPU
		{9f4e0d91-bd33-d95a-6fad-443e1cd6f836}.Debug|Any CPU.ActiveCfg = Debug|Any CPU
		{9f4e0d91-bd33-d95a-6fad-443e1cd6f836}.Debug|Any CPU.Build.0 = Debug|Any CPU
		{539ea975-9aa1-e4a3-66f8-e228185e4342}.Debug|Any CPU.ActiveCfg = Debug|Any CPU
		{539ea975-9aa1-e4a3-66f8-e228185e4342}.Debug|Any CPU.Build.0 = Debug|Any CPU
		{8f2e3b2e-ae9b-8e9b-dfd7-63c6651de971}.Debug|Any CPU.ActiveCfg = Debug|Any CPU
		{8f2e3b2e-ae9b-8e9b-dfd7-63c6651de971}.Debug|Any CPU.Build.0 = Debug|Any CPU
		{f49220ea-9d95-4e36-d0f9-9ef3a3596ad1}.Debug|Any CPU.ActiveCfg = Debug|Any CPU
		{f49220ea-9d95-4e36-d0f9-9ef3a3596ad1}.Debug|Any CPU.Build.0 = Debug|Any CPU
		{91e46528-44c1-f132-c35a-7198469e8664}.Debug|Any CPU.ActiveCfg = Debug|Any CPU
		{91e46528-44c1-f132-c35a-7198469e8664}.Debug|Any CPU.Build.0 = Debug|Any CPU
		{09908902-ec66-7cb8-fec0-200ebcb1fc15}.Debug|Any CPU.ActiveCfg = Debug|Any CPU
		{09908902-ec66-7cb8-fec0-200ebcb1fc15}.Debug|Any CPU.Build.0 = Debug|Any CPU
		{50c96352-0fab-8975-5b77-00183f362d70}.Debug|Any CPU.ActiveCfg = Debug|Any CPU
		{50c96352-0fab-8975-5b77-00183f362d70}.Debug|Any CPU.Build.0 = Debug|Any CPU
		{0967366c-825b-6542-9b65-7d98098be7f0}.Debug|Any CPU.ActiveCfg = Debug|Any CPU
		{0967366c-825b-6542-9b65-7d98098be7f0}.Debug|Any CPU.Build.0 = Debug|Any CPU
		{da4807aa-842e-b9ef-4f60-9c34424d3f95}.Debug|Any CPU.ActiveCfg = Debug|Any CPU
		{da4807aa-842e-b9ef-4f60-9c34424d3f95}.Debug|Any CPU.Build.0 = Debug|Any CPU
		{9d812ab8-497d-8d32-55d2-d94dac77e731}.Debug|Any CPU.ActiveCfg = Debug|Any CPU
		{9d812ab8-497d-8d32-55d2-d94dac77e731}.Debug|Any CPU.Build.0 = Debug|Any CPU
		{068b48af-e868-5a13-59ce-1eb0dfaebfd3}.Debug|Any CPU.ActiveCfg = Debug|Any CPU
		{068b48af-e868-5a13-59ce-1eb0dfaebfd3}.Debug|Any CPU.Build.0 = Debug|Any CPU
		{2db7ee6f-d878-8c24-76d4-e3f9e1c5c738}.Debug|Any CPU.ActiveCfg = Debug|Any CPU
		{2db7ee6f-d878-8c24-76d4-e3f9e1c5c738}.Debug|Any CPU.Build.0 = Debug|Any CPU
		{cf8c1ca1-c7da-e411-afb1-747047286027}.Debug|Any CPU.ActiveCfg = Debug|Any CPU
		{cf8c1ca1-c7da-e411-afb1-747047286027}.Debug|Any CPU.Build.0 = Debug|Any CPU
		{90491e75-5b7d-e137-d55d-f7b5acc21dd3}.Debug|Any CPU.ActiveCfg = Debug|Any CPU
		{90491e75-5b7d-e137-d55d-f7b5acc21dd3}.Debug|Any CPU.Build.0 = Debug|Any CPU
		{b4ae3834-a4b1-db3f-7ee7-bbc01e86244a}.Debug|Any CPU.ActiveCfg = Debug|Any CPU
		{b4ae3834-a4b1-db3f-7ee7-bbc01e86244a}.Debug|Any CPU.Build.0 = Debug|Any CPU
		{d0bf168f-60ce-08f7-78fd-fc7096d0e36e}.Debug|Any CPU.ActiveCfg = Debug|Any CPU
		{d0bf168f-60ce-08f7-78fd-fc7096d0e36e}.Debug|Any CPU.Build.0 = Debug|Any CPU
		{fdcbce66-e4eb-44d5-0503-72dbc7cdc80d}.Debug|Any CPU.ActiveCfg = Debug|Any CPU
		{fdcbce66-e4eb-44d5-0503-72dbc7cdc80d}.Debug|Any CPU.Build.0 = Debug|Any CPU
		{f9279f6a-7b3d-458d-804e-537b315a9b2e}.Debug|Any CPU.ActiveCfg = Debug|Any CPU
		{f9279f6a-7b3d-458d-804e-537b315a9b2e}.Debug|Any CPU.Build.0 = Debug|Any CPU
		{0278ca01-3fcb-caf5-1b81-4fa0178aee29}.Debug|Any CPU.ActiveCfg = Debug|Any CPU
		{0278ca01-3fcb-caf5-1b81-4fa0178aee29}.Debug|Any CPU.Build.0 = Debug|Any CPU
		{11dd66d0-41da-7d54-ce2f-9bc770c7db7b}.Debug|Any CPU.ActiveCfg = Debug|Any CPU
		{11dd66d0-41da-7d54-ce2f-9bc770c7db7b}.Debug|Any CPU.Build.0 = Debug|Any CPU
		{bc3b04b9-fc77-2324-a34c-9d0dd6c3c490}.Debug|Any CPU.ActiveCfg = Debug|Any CPU
		{bc3b04b9-fc77-2324-a34c-9d0dd6c3c490}.Debug|Any CPU.Build.0 = Debug|Any CPU
		{c478acd4-d592-8dc8-eb54-7273c955f91e}.Debug|Any CPU.ActiveCfg = Debug|Any CPU
		{c478acd4-d592-8dc8-eb54-7273c955f91e}.Debug|Any CPU.Build.0 = Debug|Any CPU
		{b63ffcee-fb2c-ed5c-5841-5fb83775efc8}.Debug|Any CPU.ActiveCfg = Debug|Any CPU
		{b63ffcee-fb2c-ed5c-5841-5fb83775efc8}.Debug|Any CPU.Build.0 = Debug|Any CPU
		{d34548e1-8acd-54b9-8892-05503641ca8e}.Debug|Any CPU.ActiveCfg = Debug|Any CPU
		{d34548e1-8acd-54b9-8892-05503641ca8e}.Debug|Any CPU.Build.0 = Debug|Any CPU
		{b77d4b77-5e76-908d-785d-88177bd61a28}.Debug|Any CPU.ActiveCfg = Debug|Any CPU
		{b77d4b77-5e76-908d-785d-88177bd61a28}.Debug|Any CPU.Build.0 = Debug|Any CPU
		{4358713d-accd-0c84-20ea-c3ff731f8517}.Debug|Any CPU.ActiveCfg = Debug|Any CPU
		{4358713d-accd-0c84-20ea-c3ff731f8517}.Debug|Any CPU.Build.0 = Debug|Any CPU
		{1cf05e28-0a49-d7ce-55d8-694d66a31e99}.Debug|Any CPU.ActiveCfg = Debug|Any CPU
		{1cf05e28-0a49-d7ce-55d8-694d66a31e99}.Debug|Any CPU.Build.0 = Debug|Any CPU
		{70d9238a-a22c-dfc3-a109-e8a4500362f2}.Debug|Any CPU.ActiveCfg = Debug|Any CPU
		{70d9238a-a22c-dfc3-a109-e8a4500362f2}.Debug|Any CPU.Build.0 = Debug|Any CPU
		{b2e87839-4bfb-4bfb-511b-89e81ae19403}.Debug|Any CPU.ActiveCfg = Debug|Any CPU
		{b2e87839-4bfb-4bfb-511b-89e81ae19403}.Debug|Any CPU.Build.0 = Debug|Any CPU
		{dd9175f2-02d4-1991-1b98-eb88a56ef387}.Debug|Any CPU.ActiveCfg = Debug|Any CPU
		{dd9175f2-02d4-1991-1b98-eb88a56ef387}.Debug|Any CPU.Build.0 = Debug|Any CPU
		{45773dea-74f4-92d8-dadb-8bb58e68e413}.Debug|Any CPU.ActiveCfg = Debug|Any CPU
		{45773dea-74f4-92d8-dadb-8bb58e68e413}.Debug|Any CPU.Build.0 = Debug|Any CPU
		{97c4dd7c-9c56-efdd-db04-fdbf7f3d5329}.Debug|Any CPU.ActiveCfg = Debug|Any CPU
		{97c4dd7c-9c56-efdd-db04-fdbf7f3d5329}.Debug|Any CPU.Build.0 = Debug|Any CPU
		{54ba725a-51fb-8b2a-37b6-c8a7e6784de3}.Debug|Any CPU.ActiveCfg = Debug|Any CPU
		{54ba725a-51fb-8b2a-37b6-c8a7e6784de3}.Debug|Any CPU.Build.0 = Debug|Any CPU
		{bd0fdff6-8b9e-1669-6732-5a58fefbab64}.Debug|Any CPU.ActiveCfg = Debug|Any CPU
		{bd0fdff6-8b9e-1669-6732-5a58fefbab64}.Debug|Any CPU.Build.0 = Debug|Any CPU
		{8b20b92b-b5a9-1b7c-fafe-24a002ceef2d}.Debug|Any CPU.ActiveCfg = Debug|Any CPU
		{8b20b92b-b5a9-1b7c-fafe-24a002ceef2d}.Debug|Any CPU.Build.0 = Debug|Any CPU
		{056c2f87-f3d7-cb51-91a6-cbbf26b2818f}.Debug|Any CPU.ActiveCfg = Debug|Any CPU
		{056c2f87-f3d7-cb51-91a6-cbbf26b2818f}.Debug|Any CPU.Build.0 = Debug|Any CPU
		{2f20b052-9707-3bb6-1e60-492db364c69b}.Debug|Any CPU.ActiveCfg = Debug|Any CPU
		{2f20b052-9707-3bb6-1e60-492db364c69b}.Debug|Any CPU.Build.0 = Debug|Any CPU
		{cc65e60c-6f45-8119-2529-2334b27b0d00}.Debug|Any CPU.ActiveCfg = Debug|Any CPU
		{cc65e60c-6f45-8119-2529-2334b27b0d00}.Debug|Any CPU.Build.0 = Debug|Any CPU
		{5e0bb5b6-0cb3-48c5-1651-634421fce38f}.Debug|Any CPU.ActiveCfg = Debug|Any CPU
		{5e0bb5b6-0cb3-48c5-1651-634421fce38f}.Debug|Any CPU.Build.0 = Debug|Any CPU
		{6b3be1a8-ef48-58d1-df80-59479e27e9e9}.Debug|Any CPU.ActiveCfg = Debug|Any CPU
		{6b3be1a8-ef48-58d1-df80-59479e27e9e9}.Debug|Any CPU.Build.0 = Debug|Any CPU
		{c36ce9a4-2434-e0d4-0875-65fe4dca6ab7}.Debug|Any CPU.ActiveCfg = Debug|Any CPU
		{c36ce9a4-2434-e0d4-0875-65fe4dca6ab7}.Debug|Any CPU.Build.0 = Debug|Any CPU
		{e2c1c67f-7ab4-db1f-6faa-9c9ad8081dc7}.Debug|Any CPU.ActiveCfg = Debug|Any CPU
		{e2c1c67f-7ab4-db1f-6faa-9c9ad8081dc7}.Debug|Any CPU.Build.0 = Debug|Any CPU
		{e7bda38f-5f7d-42df-6c2c-d1567b615d52}.Debug|Any CPU.ActiveCfg = Debug|Any CPU
		{e7bda38f-5f7d-42df-6c2c-d1567b615d52}.Debug|Any CPU.Build.0 = Debug|Any CPU
		{5f3d638f-0c5b-d437-c5b4-c330c0f808db}.Debug|Any CPU.ActiveCfg = Debug|Any CPU
		{5f3d638f-0c5b-d437-c5b4-c330c0f808db}.Debug|Any CPU.Build.0 = Debug|Any CPU
		{fa1740e6-2fdb-bce2-a0dc-4ce35f1ef915}.Debug|Any CPU.ActiveCfg = Debug|Any CPU
		{fa1740e6-2fdb-bce2-a0dc-4ce35f1ef915}.Debug|Any CPU.Build.0 = Debug|Any CPU
		{cea61e39-2757-d6ac-858c-59e35c918fd3}.Debug|Any CPU.ActiveCfg = Debug|Any CPU
		{cea61e39-2757-d6ac-858c-59e35c918fd3}.Debug|Any CPU.Build.0 = Debug|Any CPU
		{09904243-3830-0f79-3146-5a79a040a946}.Debug|Any CPU.ActiveCfg = Debug|Any CPU
		{09904243-3830-0f79-3146-5a79a040a946}.Debug|Any CPU.Build.0 = Debug|Any CPU
		{a986a086-84b6-fe2b-45d7-07a11ffa84e9}.Debug|Any CPU.ActiveCfg = Debug|Any CPU
		{a986a086-84b6-fe2b-45d7-07a11ffa84e9}.Debug|Any CPU.Build.0 = Debug|Any CPU
		{c836851e-2239-2b30-1b56-6363ee8abf07}.Debug|Any CPU.ActiveCfg = Debug|Any CPU
		{c836851e-2239-2b30-1b56-6363ee8abf07}.Debug|Any CPU.Build.0 = Debug|Any CPU
		{24af2be4-aeaf-1fb9-4f7e-b10a7e2a3bfd}.Debug|Any CPU.ActiveCfg = Debug|Any CPU
		{24af2be4-aeaf-1fb9-4f7e-b10a7e2a3bfd}.Debug|Any CPU.Build.0 = Debug|Any CPU
		{f80113b4-887e-61ca-f9e3-a8e4df2605b3}.Debug|Any CPU.ActiveCfg = Debug|Any CPU
		{f80113b4-887e-61ca-f9e3-a8e4df2605b3}.Debug|Any CPU.Build.0 = Debug|Any CPU
		{412f55ed-2bbf-726c-c591-633c73495a30}.Debug|Any CPU.ActiveCfg = Debug|Any CPU
		{412f55ed-2bbf-726c-c591-633c73495a30}.Debug|Any CPU.Build.0 = Debug|Any CPU
		{b8bdcde1-8589-ac91-163e-76a4f35c2d68}.Debug|Any CPU.ActiveCfg = Debug|Any CPU
		{b8bdcde1-8589-ac91-163e-76a4f35c2d68}.Debug|Any CPU.Build.0 = Debug|Any CPU
		{4ab8b7d7-ccd9-e7ed-1530-991aa5f09bc3}.Debug|Any CPU.ActiveCfg = Debug|Any CPU
		{4ab8b7d7-ccd9-e7ed-1530-991aa5f09bc3}.Debug|Any CPU.Build.0 = Debug|Any CPU
		{a640c281-1df8-dfbc-01ee-d0344b1aa3e2}.Debug|Any CPU.ActiveCfg = Debug|Any CPU
		{a640c281-1df8-dfbc-01ee-d0344b1aa3e2}.Debug|Any CPU.Build.0 = Debug|Any CPU
		{52aa8f8b-2868-2744-854d-59a2dce59e9c}.Debug|Any CPU.ActiveCfg = Debug|Any CPU
		{52aa8f8b-2868-2744-854d-59a2dce59e9c}.Debug|Any CPU.Build.0 = Debug|Any CPU
		{4d5f56c5-8a7f-b7c7-6540-58224327f5e3}.Debug|Any CPU.ActiveCfg = Debug|Any CPU
		{4d5f56c5-8a7f-b7c7-6540-58224327f5e3}.Debug|Any CPU.Build.0 = Debug|Any CPU
		{1dc33dd8-17da-2bca-f1bf-8c13ae762b2d}.Debug|Any CPU.ActiveCfg = Debug|Any CPU
		{1dc33dd8-17da-2bca-f1bf-8c13ae762b2d}.Debug|Any CPU.Build.0 = Debug|Any CPU
		{8a984610-0571-1139-5432-96dea76340df}.Debug|Any CPU.ActiveCfg = Debug|Any CPU
		{8a984610-0571-1139-5432-96dea76340df}.Debug|Any CPU.Build.0 = Debug|Any CPU
		{f6f1285e-fb99-c1c2-c3f6-0d7a8e5a9c62}.Debug|Any CPU.ActiveCfg = Debug|Any CPU
		{f6f1285e-fb99-c1c2-c3f6-0d7a8e5a9c62}.Debug|Any CPU.Build.0 = Debug|Any CPU
		{0e9d882f-24c0-1fdd-a1b8-158a6b43ee9e}.Debug|Any CPU.ActiveCfg = Debug|Any CPU
		{0e9d882f-24c0-1fdd-a1b8-158a6b43ee9e}.Debug|Any CPU.Build.0 = Debug|Any CPU
		{89168e9f-c8cc-9982-bdac-a944f6f1298f}.Debug|Any CPU.ActiveCfg = Debug|Any CPU
		{89168e9f-c8cc-9982-bdac-a944f6f1298f}.Debug|Any CPU.Build.0 = Debug|Any CPU
		{575b4a03-aef7-7a0c-0243-7d7692d07df6}.Debug|Any CPU.ActiveCfg = Debug|Any CPU
		{575b4a03-aef7-7a0c-0243-7d7692d07df6}.Debug|Any CPU.Build.0 = Debug|Any CPU
		{404a6ce2-163c-9248-d7e6-67bdbda53d98}.Debug|Any CPU.ActiveCfg = Debug|Any CPU
		{404a6ce2-163c-9248-d7e6-67bdbda53d98}.Debug|Any CPU.Build.0 = Debug|Any CPU
		{475c7890-d4f4-dba9-1a31-ff2f1156d1a7}.Debug|Any CPU.ActiveCfg = Debug|Any CPU
		{475c7890-d4f4-dba9-1a31-ff2f1156d1a7}.Debug|Any CPU.Build.0 = Debug|Any CPU
		{ccf4c671-1dd7-bdd3-71a4-6637fea81279}.Debug|Any CPU.ActiveCfg = Debug|Any CPU
		{ccf4c671-1dd7-bdd3-71a4-6637fea81279}.Debug|Any CPU.Build.0 = Debug|Any CPU
	EndGlobalSection
	GlobalSection(SolutionProperties) = preSolution
		HideSolutionNode = FALSE
	EndGlobalSection
EndGlobal
